// !$*UTF8*$!
{
	archiveVersion = 1;
	classes = {
	};
	objectVersion = 46;
	objects = {

/* Begin PBXBuildFile section */
		209FAC781DBE062B001EFD24 /* main.m in Sources */ = {isa = PBXBuildFile; fileRef = 209FAC771DBE062B001EFD24 /* main.m */; };
		209FAC7B1DBE062B001EFD24 /* AppDelegate.m in Sources */ = {isa = PBXBuildFile; fileRef = 209FAC7A1DBE062B001EFD24 /* AppDelegate.m */; };
		209FAC7E1DBE062B001EFD24 /* ViewController.m in Sources */ = {isa = PBXBuildFile; fileRef = 209FAC7D1DBE062B001EFD24 /* ViewController.m */; };
		209FAC811DBE062B001EFD24 /* Main.storyboard in Resources */ = {isa = PBXBuildFile; fileRef = 209FAC7F1DBE062B001EFD24 /* Main.storyboard */; };
		209FAC831DBE062B001EFD24 /* Assets.xcassets in Resources */ = {isa = PBXBuildFile; fileRef = 209FAC821DBE062B001EFD24 /* Assets.xcassets */; };
		209FAC861DBE062B001EFD24 /* LaunchScreen.storyboard in Resources */ = {isa = PBXBuildFile; fileRef = 209FAC841DBE062B001EFD24 /* LaunchScreen.storyboard */; };
		209FAC8F1DBE065D001EFD24 /* DrawView.m in Sources */ = {isa = PBXBuildFile; fileRef = 209FAC8E1DBE065D001EFD24 /* DrawView.m */; };
/* End PBXBuildFile section */

/* Begin PBXFileReference section */
		209FAC731DBE062B001EFD24 /* CAD定时器.app */ = {isa = PBXFileReference; explicitFileType = wrapper.application; includeInIndex = 0; path = "CAD定时器.app"; sourceTree = BUILT_PRODUCTS_DIR; };
		209FAC771DBE062B001EFD24 /* main.m */ = {isa = PBXFileReference; lastKnownFileType = sourcecode.c.objc; path = main.m; sourceTree = "<group>"; };
		209FAC791DBE062B001EFD24 /* AppDelegate.h */ = {isa = PBXFileReference; lastKnownFileType = sourcecode.c.h; path = AppDelegate.h; sourceTree = "<group>"; };
		209FAC7A1DBE062B001EFD24 /* AppDelegate.m */ = {isa = PBXFileReference; lastKnownFileType = sourcecode.c.objc; path = AppDelegate.m; sourceTree = "<group>"; };
		209FAC7C1DBE062B001EFD24 /* ViewController.h */ = {isa = PBXFileReference; lastKnownFileType = sourcecode.c.h; path = ViewController.h; sourceTree = "<group>"; };
		209FAC7D1DBE062B001EFD24 /* ViewController.m */ = {isa = PBXFileReference; lastKnownFileType = sourcecode.c.objc; path = ViewController.m; sourceTree = "<group>"; };
		209FAC801DBE062B001EFD24 /* Base */ = {isa = PBXFileReference; lastKnownFileType = file.storyboard; name = Base; path = Base.lproj/Main.storyboard; sourceTree = "<group>"; };
		209FAC821DBE062B001EFD24 /* Assets.xcassets */ = {isa = PBXFileReference; lastKnownFileType = folder.assetcatalog; path = Assets.xcassets; sourceTree = "<group>"; };
		209FAC851DBE062B001EFD24 /* Base */ = {isa = PBXFileReference; lastKnownFileType = file.storyboard; name = Base; path = Base.lproj/LaunchScreen.storyboard; sourceTree = "<group>"; };
		209FAC871DBE062B001EFD24 /* Info.plist */ = {isa = PBXFileReference; lastKnownFileType = text.plist.xml; path = Info.plist; sourceTree = "<group>"; };
		209FAC8D1DBE065D001EFD24 /* DrawView.h */ = {isa = PBXFileReference; fileEncoding = 4; lastKnownFileType = sourcecode.c.h; path = DrawView.h; sourceTree = "<group>"; };
		209FAC8E1DBE065D001EFD24 /* DrawView.m */ = {isa = PBXFileReference; fileEncoding = 4; lastKnownFileType = sourcecode.c.objc; path = DrawView.m; sourceTree = "<group>"; };
/* End PBXFileReference section */

/* Begin PBXFrameworksBuildPhase section */
		209FAC701DBE062B001EFD24 /* Frameworks */ = {
			isa = PBXFrameworksBuildPhase;
			buildActionMask = 2147483647;
			files = (
			);
			runOnlyForDeploymentPostprocessing = 0;
		};
/* End PBXFrameworksBuildPhase section */

/* Begin PBXGroup section */
		209FAC6A1DBE062B001EFD24 = {
			isa = PBXGroup;
			children = (
				209FAC751DBE062B001EFD24 /* CAD定时器 */,
				209FAC741DBE062B001EFD24 /* Products */,
			);
			sourceTree = "<group>";
		};
		209FAC741DBE062B001EFD24 /* Products */ = {
			isa = PBXGroup;
			children = (
				209FAC731DBE062B001EFD24 /* CAD定时器.app */,
			);
			name = Products;
			sourceTree = "<group>";
		};
		209FAC751DBE062B001EFD24 /* CAD定时器 */ = {
			isa = PBXGroup;
			children = (
				209FAC791DBE062B001EFD24 /* AppDelegate.h */,
				209FAC7A1DBE062B001EFD24 /* AppDelegate.m */,
				209FAC7C1DBE062B001EFD24 /* ViewController.h */,
				209FAC8D1DBE065D001EFD24 /* DrawView.h */,
				209FAC8E1DBE065D001EFD24 /* DrawView.m */,
				209FAC7D1DBE062B001EFD24 /* ViewController.m */,
				209FAC7F1DBE062B001EFD24 /* Main.storyboard */,
				209FAC821DBE062B001EFD24 /* Assets.xcassets */,
				209FAC841DBE062B001EFD24 /* LaunchScreen.storyboard */,
				209FAC871DBE062B001EFD24 /* Info.plist */,
				209FAC761DBE062B001EFD24 /* Supporting Files */,
			);
			path = "CAD定时器";
			sourceTree = "<group>";
		};
		209FAC761DBE062B001EFD24 /* Supporting Files */ = {
			isa = PBXGroup;
			children = (
				209FAC771DBE062B001EFD24 /* main.m */,
			);
			name = "Supporting Files";
			sourceTree = "<group>";
		};
/* End PBXGroup section */

/* Begin PBXNativeTarget section */
		209FAC721DBE062B001EFD24 /* CAD定时器 */ = {
			isa = PBXNativeTarget;
			buildConfigurationList = 209FAC8A1DBE062B001EFD24 /* Build configuration list for PBXNativeTarget "CAD定时器" */;
			buildPhases = (
				209FAC6F1DBE062B001EFD24 /* Sources */,
				209FAC701DBE062B001EFD24 /* Frameworks */,
				209FAC711DBE062B001EFD24 /* Resources */,
			);
			buildRules = (
			);
			dependencies = (
			);
			name = "CAD定时器";
			productName = "CAD定时器";
			productReference = 209FAC731DBE062B001EFD24 /* CAD定时器.app */;
			productType = "com.apple.product-type.application";
		};
/* End PBXNativeTarget section */

/* Begin PBXProject section */
		209FAC6B1DBE062B001EFD24 /* Project object */ = {
			isa = PBXProject;
			attributes = {
				LastUpgradeCheck = 0730;
				ORGANIZATIONNAME = Liuxingchen;
				TargetAttributes = {
					209FAC721DBE062B001EFD24 = {
						CreatedOnToolsVersion = 7.3.1;
					};
				};
			};
			buildConfigurationList = 209FAC6E1DBE062B001EFD24 /* Build configuration list for PBXProject "CAD定时器" */;
			compatibilityVersion = "Xcode 3.2";
			developmentRegion = English;
			hasScannedForEncodings = 0;
			knownRegions = (
				en,
				Base,
			);
			mainGroup = 209FAC6A1DBE062B001EFD24;
			productRefGroup = 209FAC741DBE062B001EFD24 /* Products */;
			projectDirPath = "";
			projectRoot = "";
			targets = (
				209FAC721DBE062B001EFD24 /* CAD定时器 */,
			);
		};
/* End PBXProject section */

/* Begin PBXResourcesBuildPhase section */
		209FAC711DBE062B001EFD24 /* Resources */ = {
			isa = PBXResourcesBuildPhase;
			buildActionMask = 2147483647;
			files = (
				209FAC861DBE062B001EFD24 /* LaunchScreen.storyboard in Resources */,
				209FAC831DBE062B001EFD24 /* Assets.xcassets in Resources */,
				209FAC811DBE062B001EFD24 /* Main.storyboard in Resources */,
			);
			runOnlyForDeploymentPostprocessing = 0;
		};
/* End PBXResourcesBuildPhase section */

/* Begin PBXSourcesBuildPhase section */
		209FAC6F1DBE062B001EFD24 /* Sources */ = {
			isa = PBXSourcesBuildPhase;
			buildActionMask = 2147483647;
			files = (
				209FAC7E1DBE062B001EFD24 /* ViewController.m in Sources */,
				209FAC7B1DBE062B001EFD24 /* AppDelegate.m in Sources */,
				209FAC8F1DBE065D001EFD24 /* DrawView.m in Sources */,
				209FAC781DBE062B001EFD24 /* main.m in Sources */,
			);
			runOnlyForDeploymentPostprocessing = 0;
		};
/* End PBXSourcesBuildPhase section */

/* Begin PBXVariantGroup section */
		209FAC7F1DBE062B001EFD24 /* Main.storyboard */ = {
			isa = PBXVariantGroup;
			children = (
				209FAC801DBE062B001EFD24 /* Base */,
			);
			name = Main.storyboard;
			sourceTree = "<group>";
		};
		209FAC841DBE062B001EFD24 /* LaunchScreen.storyboard */ = {
			isa = PBXVariantGroup;
			children = (
				209FAC851DBE062B001EFD24 /* Base */,
			);
			name = LaunchScreen.storyboard;
			sourceTree = "<group>";
		};
/* End PBXVariantGroup section */

/* Begin XCBuildConfiguration section */
		209FAC881DBE062B001EFD24 /* Debug */ = {
			isa = XCBuildConfiguration;
			buildSettings = {
				ALWAYS_SEARCH_USER_PATHS = NO;
				CLANG_ANALYZER_NONNULL = YES;
				CLANG_CXX_LANGUAGE_STANDARD = "gnu++0x";
				CLANG_CXX_LIBRARY = "libc++";
				CLANG_ENABLE_MODULES = YES;
				CLANG_ENABLE_OBJC_ARC = YES;
				CLANG_WARN_BOOL_CONVERSION = YES;
				CLANG_WARN_CONSTANT_CONVERSION = YES;
				CLANG_WARN_DIRECT_OBJC_ISA_USAGE = YES_ERROR;
				CLANG_WARN_EMPTY_BODY = YES;
				CLANG_WARN_ENUM_CONVERSION = YES;
				CLANG_WARN_INT_CONVERSION = YES;
				CLANG_WARN_OBJC_ROOT_CLASS = YES_ERROR;
				CLANG_WARN_UNREACHABLE_CODE = YES;
				CLANG_WARN__DUPLICATE_METHOD_MATCH = YES;
				"CODE_SIGN_IDENTITY[sdk=iphoneos*]" = "iPhone Developer";
				COPY_PHASE_STRIP = NO;
				DEBUG_INFORMATION_FORMAT = dwarf;
				ENABLE_STRICT_OBJC_MSGSEND = YES;
				ENABLE_TESTABILITY = YES;
				GCC_C_LANGUAGE_STANDARD = gnu99;
				GCC_DYNAMIC_NO_PIC = NO;
				GCC_NO_COMMON_BLOCKS = YES;
				GCC_OPTIMIZATION_LEVEL = 0;
				GCC_PREPROCESSOR_DEFINITIONS = (
					"DEBUG=1",
					"$(inherited)",
				);
				GCC_WARN_64_TO_32_BIT_CONVERSION = YES;
				GCC_WARN_ABOUT_RETURN_TYPE = YES_ERROR;
				GCC_WARN_UNDECLARED_SELECTOR = YES;
				GCC_WARN_UNINITIALIZED_AUTOS = YES_AGGRESSIVE;
				GCC_WARN_UNUSED_FUNCTION = YES;
				GCC_WARN_UNUSED_VARIABLE = YES;
				IPHONEOS_DEPLOYMENT_TARGET = 9.3;
				MTL_ENABLE_DEBUG_INFO = YES;
				ONLY_ACTIVE_ARCH = YES;
				SDKROOT = iphoneos;
			};
			name = Debug;
		};
		209FAC891DBE062B001EFD24 /* Release */ = {
			isa = XCBuildConfiguration;
			buildSettings = {
				ALWAYS_SEARCH_USER_PATHS = NO;
				CLANG_ANALYZER_NONNULL = YES;
				CLANG_CXX_LANGUAGE_STANDARD = "gnu++0x";
				CLANG_CXX_LIBRARY = "libc++";
				CLANG_ENABLE_MODULES = YES;
				CLANG_ENABLE_OBJC_ARC = YES;
				CLANG_WARN_BOOL_CONVERSION = YES;
				CLANG_WARN_CONSTANT_CONVERSION = YES;
				CLANG_WARN_DIRECT_OBJC_ISA_USAGE = YES_ERROR;
				CLANG_WARN_EMPTY_BODY = YES;
				CLANG_WARN_ENUM_CONVERSION = YES;
				CLANG_WARN_INT_CONVERSION = YES;
				CLANG_WARN_OBJC_ROOT_CLASS = YES_ERROR;
				CLANG_WARN_UNREACHABLE_CODE = YES;
				CLANG_WARN__DUPLICATE_METHOD_MATCH = YES;
				"CODE_SIGN_IDENTITY[sdk=iphoneos*]" = "iPhone Developer";
				COPY_PHASE_STRIP = NO;
				DEBUG_INFORMATION_FORMAT = "dwarf-with-dsym";
				ENABLE_NS_ASSERTIONS = NO;
				ENABLE_STRICT_OBJC_MSGSEND = YES;
				GCC_C_LANGUAGE_STANDARD = gnu99;
				GCC_NO_COMMON_BLOCKS = YES;
				GCC_WARN_64_TO_32_BIT_CONVERSION = YES;
				GCC_WARN_ABOUT_RETURN_TYPE = YES_ERROR;
				GCC_WARN_UNDECLARED_SELECTOR = YES;
				GCC_WARN_UNINITIALIZED_AUTOS = YES_AGGRESSIVE;
				GCC_WARN_UNUSED_FUNCTION = YES;
				GCC_WARN_UNUSED_VARIABLE = YES;
				IPHONEOS_DEPLOYMENT_TARGET = 9.3;
				MTL_ENABLE_DEBUG_INFO = NO;
				SDKROOT = iphoneos;
				VALIDATE_PRODUCT = YES;
			};
			name = Release;
		};
		209FAC8B1DBE062B001EFD24 /* Debug */ = {
			isa = XCBuildConfiguration;
			buildSettings = {
				ASSETCATALOG_COMPILER_APPICON_NAME = AppIcon;
				INFOPLIST_FILE = "CAD定时器/Info.plist";
				LD_RUNPATH_SEARCH_PATHS = "$(inherited) @executable_path/Frameworks";
				PRODUCT_BUNDLE_IDENTIFIER = "net.intelet.CAD---";
				PRODUCT_NAME = "$(TARGET_NAME)";
			};
			name = Debug;
		};
		209FAC8C1DBE062B001EFD24 /* Release */ = {
			isa = XCBuildConfiguration;
			buildSettings = {
				ASSETCATALOG_COMPILER_APPICON_NAME = AppIcon;
				INFOPLIST_FILE = "CAD定时器/Info.plist";
				LD_RUNPATH_SEARCH_PATHS = "$(inherited) @executable_path/Frameworks";
				PRODUCT_BUNDLE_IDENTIFIER = "net.intelet.CAD---";
				PRODUCT_NAME = "$(TARGET_NAME)";
			};
			name = Release;
		};
/* End XCBuildConfiguration section */

/* Begin XCConfigurationList section */
		209FAC6E1DBE062B001EFD24 /* Build configuration list for PBXProject "CAD定时器" */ = {
			isa = XCConfigurationList;
			buildConfigurations = (
				209FAC881DBE062B001EFD24 /* Debug */,
				209FAC891DBE062B001EFD24 /* Release */,
			);
			defaultConfigurationIsVisible = 0;
			defaultConfigurationName = Release;
		};
		209FAC8A1DBE062B001EFD24 /* Build configuration list for PBXNativeTarget "CAD定时器" */ = {
			isa = XCConfigurationList;
			buildConfigurations = (
				209FAC8B1DBE062B001EFD24 /* Debug */,
				209FAC8C1DBE062B001EFD24 /* Release */,
			);
			defaultConfigurationIsVisible = 0;
		};
/* End XCConfigurationList section */
	};
	rootObject = 209FAC6B1DBE062B001EFD24 /* Project object */;
}
